// !$*UTF8*$!
{
	archiveVersion = 1;
	classes = {
	};
	objectVersion = 50;
	objects = {

/* Begin PBXBuildFile section */
		5660924D2692A53E009A6EF0 /* CorollariiApp.swift in Sources */ = {isa = PBXBuildFile; fileRef = 5660924C2692A53E009A6EF0 /* CorollariiApp.swift */; };
		5660924F2692A53E009A6EF0 /* ContentView.swift in Sources */ = {isa = PBXBuildFile; fileRef = 5660924E2692A53E009A6EF0 /* ContentView.swift */; };
		566092512692A541009A6EF0 /* Assets.xcassets in Resources */ = {isa = PBXBuildFile; fileRef = 566092502692A541009A6EF0 /* Assets.xcassets */; };
		566092542692A541009A6EF0 /* Preview Assets.xcassets in Resources */ = {isa = PBXBuildFile; fileRef = 566092532692A541009A6EF0 /* Preview Assets.xcassets */; };
		5660925F2692A541009A6EF0 /* CorollariiTests.swift in Sources */ = {isa = PBXBuildFile; fileRef = 5660925E2692A541009A6EF0 /* CorollariiTests.swift */; };
		5660926A2692A541009A6EF0 /* CorollariiUITests.swift in Sources */ = {isa = PBXBuildFile; fileRef = 566092692692A541009A6EF0 /* CorollariiUITests.swift */; };
		5687CBEE2693D57A00D2D287 /* CorollariiManager.swift in Sources */ = {isa = PBXBuildFile; fileRef = 5687CBED2693D57A00D2D287 /* CorollariiManager.swift */; };
		56F310E026B2CA3000012693 /* Cash.swift in Sources */ = {isa = PBXBuildFile; fileRef = 56F310DF26B2CA3000012693 /* Cash.swift */; };
		56F310E226B2CAD500012693 /* CalculatorCharacters.swift in Sources */ = {isa = PBXBuildFile; fileRef = 56F310E126B2CAD500012693 /* CalculatorCharacters.swift */; };
/* End PBXBuildFile section */

/* Begin PBXContainerItemProxy section */
		5660925B2692A541009A6EF0 /* PBXContainerItemProxy */ = {
			isa = PBXContainerItemProxy;
			containerPortal = 566092412692A53E009A6EF0 /* Project object */;
			proxyType = 1;
			remoteGlobalIDString = 566092482692A53E009A6EF0;
			remoteInfo = Corollarii;
		};
		566092662692A541009A6EF0 /* PBXContainerItemProxy */ = {
			isa = PBXContainerItemProxy;
			containerPortal = 566092412692A53E009A6EF0 /* Project object */;
			proxyType = 1;
			remoteGlobalIDString = 566092482692A53E009A6EF0;
			remoteInfo = Corollarii;
		};
/* End PBXContainerItemProxy section */

/* Begin PBXFileReference section */
		566092492692A53E009A6EF0 /* Corollarii.app */ = {isa = PBXFileReference; explicitFileType = wrapper.application; includeInIndex = 0; path = Corollarii.app; sourceTree = BUILT_PRODUCTS_DIR; };
		5660924C2692A53E009A6EF0 /* CorollariiApp.swift */ = {isa = PBXFileReference; lastKnownFileType = sourcecode.swift; path = CorollariiApp.swift; sourceTree = "<group>"; };
		5660924E2692A53E009A6EF0 /* ContentView.swift */ = {isa = PBXFileReference; lastKnownFileType = sourcecode.swift; path = ContentView.swift; sourceTree = "<group>"; };
		566092502692A541009A6EF0 /* Assets.xcassets */ = {isa = PBXFileReference; lastKnownFileType = folder.assetcatalog; path = Assets.xcassets; sourceTree = "<group>"; };
		566092532692A541009A6EF0 /* Preview Assets.xcassets */ = {isa = PBXFileReference; lastKnownFileType = folder.assetcatalog; path = "Preview Assets.xcassets"; sourceTree = "<group>"; };
		566092552692A541009A6EF0 /* Info.plist */ = {isa = PBXFileReference; lastKnownFileType = text.plist.xml; path = Info.plist; sourceTree = "<group>"; };
		5660925A2692A541009A6EF0 /* CorollariiTests.xctest */ = {isa = PBXFileReference; explicitFileType = wrapper.cfbundle; includeInIndex = 0; path = CorollariiTests.xctest; sourceTree = BUILT_PRODUCTS_DIR; };
		5660925E2692A541009A6EF0 /* CorollariiTests.swift */ = {isa = PBXFileReference; lastKnownFileType = sourcecode.swift; path = CorollariiTests.swift; sourceTree = "<group>"; };
		566092602692A541009A6EF0 /* Info.plist */ = {isa = PBXFileReference; lastKnownFileType = text.plist.xml; path = Info.plist; sourceTree = "<group>"; };
		566092652692A541009A6EF0 /* CorollariiUITests.xctest */ = {isa = PBXFileReference; explicitFileType = wrapper.cfbundle; includeInIndex = 0; path = CorollariiUITests.xctest; sourceTree = BUILT_PRODUCTS_DIR; };
		566092692692A541009A6EF0 /* CorollariiUITests.swift */ = {isa = PBXFileReference; lastKnownFileType = sourcecode.swift; path = CorollariiUITests.swift; sourceTree = "<group>"; };
		5660926B2692A541009A6EF0 /* Info.plist */ = {isa = PBXFileReference; lastKnownFileType = text.plist.xml; path = Info.plist; sourceTree = "<group>"; };
		5687CBED2693D57A00D2D287 /* CorollariiManager.swift */ = {isa = PBXFileReference; lastKnownFileType = sourcecode.swift; path = CorollariiManager.swift; sourceTree = "<group>"; };
		56F310DF26B2CA3000012693 /* Cash.swift */ = {isa = PBXFileReference; lastKnownFileType = sourcecode.swift; path = Cash.swift; sourceTree = "<group>"; };
		56F310E126B2CAD500012693 /* CalculatorCharacters.swift */ = {isa = PBXFileReference; lastKnownFileType = sourcecode.swift; path = CalculatorCharacters.swift; sourceTree = "<group>"; };
/* End PBXFileReference section */

/* Begin PBXFrameworksBuildPhase section */
		566092462692A53E009A6EF0 /* Frameworks */ = {
			isa = PBXFrameworksBuildPhase;
			buildActionMask = 2147483647;
			files = (
			);
			runOnlyForDeploymentPostprocessing = 0;
		};
		566092572692A541009A6EF0 /* Frameworks */ = {
			isa = PBXFrameworksBuildPhase;
			buildActionMask = 2147483647;
			files = (
			);
			runOnlyForDeploymentPostprocessing = 0;
		};
		566092622692A541009A6EF0 /* Frameworks */ = {
			isa = PBXFrameworksBuildPhase;
			buildActionMask = 2147483647;
			files = (
			);
			runOnlyForDeploymentPostprocessing = 0;
		};
/* End PBXFrameworksBuildPhase section */

/* Begin PBXGroup section */
		566092402692A53E009A6EF0 = {
			isa = PBXGroup;
			children = (
				5660924B2692A53E009A6EF0 /* Corollarii */,
				5660925D2692A541009A6EF0 /* CorollariiTests */,
				566092682692A541009A6EF0 /* CorollariiUITests */,
				5660924A2692A53E009A6EF0 /* Products */,
			);
			sourceTree = "<group>";
		};
		5660924A2692A53E009A6EF0 /* Products */ = {
			isa = PBXGroup;
			children = (
				566092492692A53E009A6EF0 /* Corollarii.app */,
				5660925A2692A541009A6EF0 /* CorollariiTests.xctest */,
				566092652692A541009A6EF0 /* CorollariiUITests.xctest */,
			);
			name = Products;
			sourceTree = "<group>";
		};
		5660924B2692A53E009A6EF0 /* Corollarii */ = {
			isa = PBXGroup;
			children = (
				5660924C2692A53E009A6EF0 /* CorollariiApp.swift */,
				5660924E2692A53E009A6EF0 /* ContentView.swift */,
				5687CBED2693D57A00D2D287 /* CorollariiManager.swift */,
				56F310DF26B2CA3000012693 /* Cash.swift */,
				56F310E126B2CAD500012693 /* CalculatorCharacters.swift */,
				566092502692A541009A6EF0 /* Assets.xcassets */,
				566092552692A541009A6EF0 /* Info.plist */,
				566092522692A541009A6EF0 /* Preview Content */,
			);
			path = Corollarii;
			sourceTree = "<group>";
		};
		566092522692A541009A6EF0 /* Preview Content */ = {
			isa = PBXGroup;
			children = (
				566092532692A541009A6EF0 /* Preview Assets.xcassets */,
			);
			path = "Preview Content";
			sourceTree = "<group>";
		};
		5660925D2692A541009A6EF0 /* CorollariiTests */ = {
			isa = PBXGroup;
			children = (
				5660925E2692A541009A6EF0 /* CorollariiTests.swift */,
				566092602692A541009A6EF0 /* Info.plist */,
			);
			path = CorollariiTests;
			sourceTree = "<group>";
		};
		566092682692A541009A6EF0 /* CorollariiUITests */ = {
			isa = PBXGroup;
			children = (
				566092692692A541009A6EF0 /* CorollariiUITests.swift */,
				5660926B2692A541009A6EF0 /* Info.plist */,
			);
			path = CorollariiUITests;
			sourceTree = "<group>";
		};
/* End PBXGroup section */

/* Begin PBXNativeTarget section */
		566092482692A53E009A6EF0 /* Corollarii */ = {
			isa = PBXNativeTarget;
			buildConfigurationList = 5660926E2692A541009A6EF0 /* Build configuration list for PBXNativeTarget "Corollarii" */;
			buildPhases = (
				566092452692A53E009A6EF0 /* Sources */,
				566092462692A53E009A6EF0 /* Frameworks */,
				566092472692A53E009A6EF0 /* Resources */,
			);
			buildRules = (
			);
			dependencies = (
			);
			name = Corollarii;
			productName = Corollarii;
			productReference = 566092492692A53E009A6EF0 /* Corollarii.app */;
			productType = "com.apple.product-type.application";
		};
		566092592692A541009A6EF0 /* CorollariiTests */ = {
			isa = PBXNativeTarget;
			buildConfigurationList = 566092712692A541009A6EF0 /* Build configuration list for PBXNativeTarget "CorollariiTests" */;
			buildPhases = (
				566092562692A541009A6EF0 /* Sources */,
				566092572692A541009A6EF0 /* Frameworks */,
				566092582692A541009A6EF0 /* Resources */,
			);
			buildRules = (
			);
			dependencies = (
				5660925C2692A541009A6EF0 /* PBXTargetDependency */,
			);
			name = CorollariiTests;
			productName = CorollariiTests;
			productReference = 5660925A2692A541009A6EF0 /* CorollariiTests.xctest */;
			productType = "com.apple.product-type.bundle.unit-test";
		};
		566092642692A541009A6EF0 /* CorollariiUITests */ = {
			isa = PBXNativeTarget;
			buildConfigurationList = 566092742692A541009A6EF0 /* Build configuration list for PBXNativeTarget "CorollariiUITests" */;
			buildPhases = (
				566092612692A541009A6EF0 /* Sources */,
				566092622692A541009A6EF0 /* Frameworks */,
				566092632692A541009A6EF0 /* Resources */,
			);
			buildRules = (
			);
			dependencies = (
				566092672692A541009A6EF0 /* PBXTargetDependency */,
			);
			name = CorollariiUITests;
			productName = CorollariiUITests;
			productReference = 566092652692A541009A6EF0 /* CorollariiUITests.xctest */;
			productType = "com.apple.product-type.bundle.ui-testing";
		};
/* End PBXNativeTarget section */

/* Begin PBXProject section */
		566092412692A53E009A6EF0 /* Project object */ = {
			isa = PBXProject;
			attributes = {
				LastSwiftUpdateCheck = 1250;
				LastUpgradeCheck = 1250;
				TargetAttributes = {
					566092482692A53E009A6EF0 = {
						CreatedOnToolsVersion = 12.5.1;
					};
					566092592692A541009A6EF0 = {
						CreatedOnToolsVersion = 12.5.1;
						TestTargetID = 566092482692A53E009A6EF0;
					};
					566092642692A541009A6EF0 = {
						CreatedOnToolsVersion = 12.5.1;
						TestTargetID = 566092482692A53E009A6EF0;
					};
				};
			};
			buildConfigurationList = 566092442692A53E009A6EF0 /* Build configuration list for PBXProject "Corollarii" */;
			compatibilityVersion = "Xcode 9.3";
			developmentRegion = en;
			hasScannedForEncodings = 0;
			knownRegions = (
				en,
				Base,
			);
			mainGroup = 566092402692A53E009A6EF0;
			productRefGroup = 5660924A2692A53E009A6EF0 /* Products */;
			projectDirPath = "";
			projectRoot = "";
			targets = (
				566092482692A53E009A6EF0 /* Corollarii */,
				566092592692A541009A6EF0 /* CorollariiTests */,
				566092642692A541009A6EF0 /* CorollariiUITests */,
			);
		};
/* End PBXProject section */

/* Begin PBXResourcesBuildPhase section */
		566092472692A53E009A6EF0 /* Resources */ = {
			isa = PBXResourcesBuildPhase;
			buildActionMask = 2147483647;
			files = (
				566092542692A541009A6EF0 /* Preview Assets.xcassets in Resources */,
				566092512692A541009A6EF0 /* Assets.xcassets in Resources */,
			);
			runOnlyForDeploymentPostprocessing = 0;
		};
		566092582692A541009A6EF0 /* Resources */ = {
			isa = PBXResourcesBuildPhase;
			buildActionMask = 2147483647;
			files = (
			);
			runOnlyForDeploymentPostprocessing = 0;
		};
		566092632692A541009A6EF0 /* Resources */ = {
			isa = PBXResourcesBuildPhase;
			buildActionMask = 2147483647;
			files = (
			);
			runOnlyForDeploymentPostprocessing = 0;
		};
/* End PBXResourcesBuildPhase section */

/* Begin PBXSourcesBuildPhase section */
		566092452692A53E009A6EF0 /* Sources */ = {
			isa = PBXSourcesBuildPhase;
			buildActionMask = 2147483647;
			files = (
				56F310E026B2CA3000012693 /* Cash.swift in Sources */,
				5687CBEE2693D57A00D2D287 /* CorollariiManager.swift in Sources */,
				5660924F2692A53E009A6EF0 /* ContentView.swift in Sources */,
				56F310E226B2CAD500012693 /* CalculatorCharacters.swift in Sources */,
				5660924D2692A53E009A6EF0 /* CorollariiApp.swift in Sources */,
			);
			runOnlyForDeploymentPostprocessing = 0;
		};
		566092562692A541009A6EF0 /* Sources */ = {
			isa = PBXSourcesBuildPhase;
			buildActionMask = 2147483647;
			files = (
				5660925F2692A541009A6EF0 /* CorollariiTests.swift in Sources */,
			);
			runOnlyForDeploymentPostprocessing = 0;
		};
		566092612692A541009A6EF0 /* Sources */ = {
			isa = PBXSourcesBuildPhase;
			buildActionMask = 2147483647;
			files = (
				5660926A2692A541009A6EF0 /* CorollariiUITests.swift in Sources */,
			);
			runOnlyForDeploymentPostprocessing = 0;
		};
/* End PBXSourcesBuildPhase section */

/* Begin PBXTargetDependency section */
		5660925C2692A541009A6EF0 /* PBXTargetDependency */ = {
			isa = PBXTargetDependency;
			target = 566092482692A53E009A6EF0 /* Corollarii */;
			targetProxy = 5660925B2692A541009A6EF0 /* PBXContainerItemProxy */;
		};
		566092672692A541009A6EF0 /* PBXTargetDependency */ = {
			isa = PBXTargetDependency;
			target = 566092482692A53E009A6EF0 /* Corollarii */;
			targetProxy = 566092662692A541009A6EF0 /* PBXContainerItemProxy */;
		};
/* End PBXTargetDependency section */

/* Begin XCBuildConfiguration section */
		5660926C2692A541009A6EF0 /* Debug */ = {
			isa = XCBuildConfiguration;
			buildSettings = {
				ALWAYS_SEARCH_USER_PATHS = NO;
				CLANG_ANALYZER_NONNULL = YES;
				CLANG_ANALYZER_NUMBER_OBJECT_CONVERSION = YES_AGGRESSIVE;
				CLANG_CXX_LANGUAGE_STANDARD = "gnu++14";
				CLANG_CXX_LIBRARY = "libc++";
				CLANG_ENABLE_MODULES = YES;
				CLANG_ENABLE_OBJC_ARC = YES;
				CLANG_ENABLE_OBJC_WEAK = YES;
				CLANG_WARN_BLOCK_CAPTURE_AUTORELEASING = YES;
				CLANG_WARN_BOOL_CONVERSION = YES;
				CLANG_WARN_COMMA = YES;
				CLANG_WARN_CONSTANT_CONVERSION = YES;
				CLANG_WARN_DEPRECATED_OBJC_IMPLEMENTATIONS = YES;
				CLANG_WARN_DIRECT_OBJC_ISA_USAGE = YES_ERROR;
				CLANG_WARN_DOCUMENTATION_COMMENTS = YES;
				CLANG_WARN_EMPTY_BODY = YES;
				CLANG_WARN_ENUM_CONVERSION = YES;
				CLANG_WARN_INFINITE_RECURSION = YES;
				CLANG_WARN_INT_CONVERSION = YES;
				CLANG_WARN_NON_LITERAL_NULL_CONVERSION = YES;
				CLANG_WARN_OBJC_IMPLICIT_RETAIN_SELF = YES;
				CLANG_WARN_OBJC_LITERAL_CONVERSION = YES;
				CLANG_WARN_OBJC_ROOT_CLASS = YES_ERROR;
				CLANG_WARN_QUOTED_INCLUDE_IN_FRAMEWORK_HEADER = YES;
				CLANG_WARN_RANGE_LOOP_ANALYSIS = YES;
				CLANG_WARN_STRICT_PROTOTYPES = YES;
				CLANG_WARN_SUSPICIOUS_MOVE = YES;
				CLANG_WARN_UNGUARDED_AVAILABILITY = YES_AGGRESSIVE;
				CLANG_WARN_UNREACHABLE_CODE = YES;
				CLANG_WARN__DUPLICATE_METHOD_MATCH = YES;
				COPY_PHASE_STRIP = NO;
				DEBUG_INFORMATION_FORMAT = dwarf;
				ENABLE_STRICT_OBJC_MSGSEND = YES;
				ENABLE_TESTABILITY = YES;
				GCC_C_LANGUAGE_STANDARD = gnu11;
				GCC_DYNAMIC_NO_PIC = NO;
				GCC_NO_COMMON_BLOCKS = YES;
				GCC_OPTIMIZATION_LEVEL = 0;
				GCC_PREPROCESSOR_DEFINITIONS = (
					"DEBUG=1",
					"$(inherited)",
				);
				GCC_WARN_64_TO_32_BIT_CONVERSION = YES;
				GCC_WARN_ABOUT_RETURN_TYPE = YES_ERROR;
				GCC_WARN_UNDECLARED_SELECTOR = YES;
				GCC_WARN_UNINITIALIZED_AUTOS = YES_AGGRESSIVE;
				GCC_WARN_UNUSED_FUNCTION = YES;
				GCC_WARN_UNUSED_VARIABLE = YES;
				IPHONEOS_DEPLOYMENT_TARGET = 14.5;
				MTL_ENABLE_DEBUG_INFO = INCLUDE_SOURCE;
				MTL_FAST_MATH = YES;
				ONLY_ACTIVE_ARCH = YES;
				SDKROOT = iphoneos;
				SWIFT_ACTIVE_COMPILATION_CONDITIONS = DEBUG;
				SWIFT_OPTIMIZATION_LEVEL = "-Onone";
			};
			name = Debug;
		};
		5660926D2692A541009A6EF0 /* Release */ = {
			isa = XCBuildConfiguration;
			buildSettings = {
				ALWAYS_SEARCH_USER_PATHS = NO;
				CLANG_ANALYZER_NONNULL = YES;
				CLANG_ANALYZER_NUMBER_OBJECT_CONVERSION = YES_AGGRESSIVE;
				CLANG_CXX_LANGUAGE_STANDARD = "gnu++14";
				CLANG_CXX_LIBRARY = "libc++";
				CLANG_ENABLE_MODULES = YES;
				CLANG_ENABLE_OBJC_ARC = YES;
				CLANG_ENABLE_OBJC_WEAK = YES;
				CLANG_WARN_BLOCK_CAPTURE_AUTORELEASING = YES;
				CLANG_WARN_BOOL_CONVERSION = YES;
				CLANG_WARN_COMMA = YES;
				CLANG_WARN_CONSTANT_CONVERSION = YES;
				CLANG_WARN_DEPRECATED_OBJC_IMPLEMENTATIONS = YES;
				CLANG_WARN_DIRECT_OBJC_ISA_USAGE = YES_ERROR;
				CLANG_WARN_DOCUMENTATION_COMMENTS = YES;
				CLANG_WARN_EMPTY_BODY = YES;
				CLANG_WARN_ENUM_CONVERSION = YES;
				CLANG_WARN_INFINITE_RECURSION = YES;
				CLANG_WARN_INT_CONVERSION = YES;
				CLANG_WARN_NON_LITERAL_NULL_CONVERSION = YES;
				CLANG_WARN_OBJC_IMPLICIT_RETAIN_SELF = YES;
				CLANG_WARN_OBJC_LITERAL_CONVERSION = YES;
				CLANG_WARN_OBJC_ROOT_CLASS = YES_ERROR;
				CLANG_WARN_QUOTED_INCLUDE_IN_FRAMEWORK_HEADER = YES;
				CLANG_WARN_RANGE_LOOP_ANALYSIS = YES;
				CLANG_WARN_STRICT_PROTOTYPES = YES;
				CLANG_WARN_SUSPICIOUS_MOVE = YES;
				CLANG_WARN_UNGUARDED_AVAILABILITY = YES_AGGRESSIVE;
				CLANG_WARN_UNREACHABLE_CODE = YES;
				CLANG_WARN__DUPLICATE_METHOD_MATCH = YES;
				COPY_PHASE_STRIP = NO;
				DEBUG_INFORMATION_FORMAT = "dwarf-with-dsym";
				ENABLE_NS_ASSERTIONS = NO;
				ENABLE_STRICT_OBJC_MSGSEND = YES;
				GCC_C_LANGUAGE_STANDARD = gnu11;
				GCC_NO_COMMON_BLOCKS = YES;
				GCC_WARN_64_TO_32_BIT_CONVERSION = YES;
				GCC_WARN_ABOUT_RETURN_TYPE = YES_ERROR;
				GCC_WARN_UNDECLARED_SELECTOR = YES;
				GCC_WARN_UNINITIALIZED_AUTOS = YES_AGGRESSIVE;
				GCC_WARN_UNUSED_FUNCTION = YES;
				GCC_WARN_UNUSED_VARIABLE = YES;
				IPHONEOS_DEPLOYMENT_TARGET = 14.5;
				MTL_ENABLE_DEBUG_INFO = NO;
				MTL_FAST_MATH = YES;
				SDKROOT = iphoneos;
				SWIFT_COMPILATION_MODE = wholemodule;
				SWIFT_OPTIMIZATION_LEVEL = "-O";
				VALIDATE_PRODUCT = YES;
			};
			name = Release;
		};
		5660926F2692A541009A6EF0 /* Debug */ = {
			isa = XCBuildConfiguration;
			buildSettings = {
				ASSETCATALOG_COMPILER_APPICON_NAME = AppIcon;
				ASSETCATALOG_COMPILER_GLOBAL_ACCENT_COLOR_NAME = AccentColor;
				CODE_SIGN_STYLE = Automatic;
				DEVELOPMENT_ASSET_PATHS = "\"Corollarii/Preview Content\"";
				DEVELOPMENT_TEAM = ZM4N24RK3Z;
				ENABLE_PREVIEWS = YES;
				INFOPLIST_FILE = Corollarii/Info.plist;
				IPHONEOS_DEPLOYMENT_TARGET = 14.0;
				LD_RUNPATH_SEARCH_PATHS = (
					"$(inherited)",
					"@executable_path/Frameworks",
				);
				PRODUCT_BUNDLE_IDENTIFIER = technology.krueger.Corollarii;
				PRODUCT_NAME = "$(TARGET_NAME)";
				SWIFT_VERSION = 5.0;
				TARGETED_DEVICE_FAMILY = 1;
			};
			name = Debug;
		};
		566092702692A541009A6EF0 /* Release */ = {
			isa = XCBuildConfiguration;
			buildSettings = {
				ASSETCATALOG_COMPILER_APPICON_NAME = AppIcon;
				ASSETCATALOG_COMPILER_GLOBAL_ACCENT_COLOR_NAME = AccentColor;
				CODE_SIGN_STYLE = Automatic;
				DEVELOPMENT_ASSET_PATHS = "\"Corollarii/Preview Content\"";
				DEVELOPMENT_TEAM = ZM4N24RK3Z;
				ENABLE_PREVIEWS = YES;
				INFOPLIST_FILE = Corollarii/Info.plist;
				IPHONEOS_DEPLOYMENT_TARGET = 14.0;
				LD_RUNPATH_SEARCH_PATHS = (
					"$(inherited)",
					"@executable_path/Frameworks",
				);
				PRODUCT_BUNDLE_IDENTIFIER = technology.krueger.Corollarii;
				PRODUCT_NAME = "$(TARGET_NAME)";
				SWIFT_VERSION = 5.0;
				TARGETED_DEVICE_FAMILY = 1;
			};
			name = Release;
		};
		566092722692A541009A6EF0 /* Debug */ = {
			isa = XCBuildConfiguration;
			buildSettings = {
				ALWAYS_EMBED_SWIFT_STANDARD_LIBRARIES = YES;
				BUNDLE_LOADER = "$(TEST_HOST)";
				CODE_SIGN_STYLE = Automatic;
				DEVELOPMENT_TEAM = ZM4N24RK3Z;
				INFOPLIST_FILE = CorollariiTests/Info.plist;
				IPHONEOS_DEPLOYMENT_TARGET = 14.0;
				LD_RUNPATH_SEARCH_PATHS = (
					"$(inherited)",
					"@executable_path/Frameworks",
					"@loader_path/Frameworks",
				);
				PRODUCT_BUNDLE_IDENTIFIER = technology.krueger.CorollariiTests;
				PRODUCT_NAME = "$(TARGET_NAME)";
				SWIFT_VERSION = 5.0;
				TARGETED_DEVICE_FAMILY = "1,2";
				TEST_HOST = "$(BUILT_PRODUCTS_DIR)/Corollarii.app/Corollarii";
			};
			name = Debug;
		};
		566092732692A541009A6EF0 /* Release */ = {
			isa = XCBuildConfiguration;
			buildSettings = {
				ALWAYS_EMBED_SWIFT_STANDARD_LIBRARIES = YES;
				BUNDLE_LOADER = "$(TEST_HOST)";
				CODE_SIGN_STYLE = Automatic;
				DEVELOPMENT_TEAM = ZM4N24RK3Z;
				INFOPLIST_FILE = CorollariiTests/Info.plist;
				IPHONEOS_DEPLOYMENT_TARGET = 14.0;
				LD_RUNPATH_SEARCH_PATHS = (
					"$(inherited)",
					"@executable_path/Frameworks",
					"@loader_path/Frameworks",
				);
				PRODUCT_BUNDLE_IDENTIFIER = technology.krueger.CorollariiTests;
				PRODUCT_NAME = "$(TARGET_NAME)";
				SWIFT_VERSION = 5.0;
				TARGETED_DEVICE_FAMILY = "1,2";
				TEST_HOST = "$(BUILT_PRODUCTS_DIR)/Corollarii.app/Corollarii";
			};
			name = Release;
		};
		566092752692A541009A6EF0 /* Debug */ = {
			isa = XCBuildConfiguration;
			buildSettings = {
				ALWAYS_EMBED_SWIFT_STANDARD_LIBRARIES = YES;
				CODE_SIGN_STYLE = Automatic;
				DEVELOPMENT_TEAM = ZM4N24RK3Z;
				INFOPLIST_FILE = CorollariiUITests/Info.plist;
				LD_RUNPATH_SEARCH_PATHS = (
					"$(inherited)",
					"@executable_path/Frameworks",
					"@loader_path/Frameworks",
				);
				PRODUCT_BUNDLE_IDENTIFIER = technology.krueger.CorollariiUITests;
				PRODUCT_NAME = "$(TARGET_NAME)";
				SWIFT_VERSION = 5.0;
				TARGETED_DEVICE_FAMILY = "1,2";
				TEST_TARGET_NAME = Corollarii;
			};
			name = Debug;
		};
		566092762692A541009A6EF0 /* Release */ = {
			isa = XCBuildConfiguration;
			buildSettings = {
				ALWAYS_EMBED_SWIFT_STANDARD_LIBRARIES = YES;
				CODE_SIGN_STYLE = Automatic;
				DEVELOPMENT_TEAM = ZM4N24RK3Z;
				INFOPLIST_FILE = CorollariiUITests/Info.plist;
				LD_RUNPATH_SEARCH_PATHS = (
					"$(inherited)",
					"@executable_path/Frameworks",
					"@loader_path/Frameworks",
				);
				PRODUCT_BUNDLE_IDENTIFIER = technology.krueger.CorollariiUITests;
				PRODUCT_NAME = "$(TARGET_NAME)";
				SWIFT_VERSION = 5.0;
				TARGETED_DEVICE_FAMILY = "1,2";
				TEST_TARGET_NAME = Corollarii;
			};
			name = Release;
		};
/* End XCBuildConfiguration section */

/* Begin XCConfigurationList section */
		566092442692A53E009A6EF0 /* Build configuration list for PBXProject "Corollarii" */ = {
			isa = XCConfigurationList;
			buildConfigurations = (
				5660926C2692A541009A6EF0 /* Debug */,
				5660926D2692A541009A6EF0 /* Release */,
			);
			defaultConfigurationIsVisible = 0;
			defaultConfigurationName = Release;
		};
		5660926E2692A541009A6EF0 /* Build configuration list for PBXNativeTarget "Corollarii" */ = {
			isa = XCConfigurationList;
			buildConfigurations = (
				5660926F2692A541009A6EF0 /* Debug */,
				566092702692A541009A6EF0 /* Release */,
			);
			defaultConfigurationIsVisible = 0;
			defaultConfigurationName = Release;
		};
		566092712692A541009A6EF0 /* Build configuration list for PBXNativeTarget "CorollariiTests" */ = {
			isa = XCConfigurationList;
			buildConfigurations = (
				566092722692A541009A6EF0 /* Debug */,
				566092732692A541009A6EF0 /* Release */,
			);
			defaultConfigurationIsVisible = 0;
			defaultConfigurationName = Release;
		};
		566092742692A541009A6EF0 /* Build configuration list for PBXNativeTarget "CorollariiUITests" */ = {
			isa = XCConfigurationList;
			buildConfigurations = (
				566092752692A541009A6EF0 /* Debug */,
				566092762692A541009A6EF0 /* Release */,
			);
			defaultConfigurationIsVisible = 0;
			defaultConfigurationName = Release;
		};
/* End XCConfigurationList section */
	};
	rootObject = 566092412692A53E009A6EF0 /* Project object */;
}
